
Microsoft Visual Studio Solution File, Format Version 12.00
# Visual Studio Version 16
VisualStudioVersion = 16.0.29209.62
MinimumVisualStudioVersion = 10.0.40219.1
Project("{FAE04EC0-301F-11D3-BF4B-00C04F79EFBC}") = "WebApp", "WebApp\WebApp.csproj", "{07EDE585-95E5-47FA-8F0C-82DD298ABC6E}"
EndProject
Global
	GlobalSection(SolutionConfigurationPlatforms) = preSolution
		Debug|Any CPU = Debug|Any CPU
		Release|Any CPU = Release|Any CPU
	EndGlobalSection
	GlobalSection(ProjectConfigurationPlatforms) = postSolution
		{07EDE585-95E5-47FA-8F0C-82DD298ABC6E}.Debug|Any CPU.ActiveCfg = Debug|Any CPU
		{07EDE585-95E5-47FA-8F0C-82DD298ABC6E}.Debug|Any CPU.Build.0 = Debug|Any CPU
		{07EDE585-95E5-47FA-8F0C-82DD298ABC6E}.Release|Any CPU.ActiveCfg = Release|Any CPU
		{07EDE585-95E5-47FA-8F0C-82DD298ABC6E}.Release|Any CPU.Build.0 = Release|Any CPU
	EndGlobalSection
	GlobalSection(SolutionProperties) = preSolution
		HideSolutionNode = FALSE
	EndGlobalSection
	GlobalSection(ExtensibilityGlobals) = postSolution
		SolutionGuid = {1F11C7F1-0267-40EC-9B64-DB21DE3951A0}
	EndGlobalSection
EndGlobal
